<?xml version="1.0" encoding="utf-8"?>
<Project ToolsVersion="17.0" xmlns="http://schemas.microsoft.com/developer/msbuild/2003">
  <ItemGroup>
    <CustomBuild Include="D:\Projects\PSR\Pico_CANLib\CMakeFiles\03226ae31c2630abbab34b781232d0b3\generate.stamp.rule">
      <Filter>CMake Rules</Filter>
    </CustomBuild>
  </ItemGroup>
  <ItemGroup>
    <Filter Include="CMake Rules">
      <UniqueIdentifier>{2FEFD49D-67B6-33F1-8CC0-85BF9849E818}</UniqueIdentifier>
    </Filter>
  </ItemGroup>
</Project>
